// !$*UTF8*$!
{
	archiveVersion = 1;
	classes = {
	};
	objectVersion = 46;
	objects = {

/* Begin PBXBuildFile section */
		6322F33A171DA6B9003BEA22 /* UIKit.framework in Frameworks */ = {isa = PBXBuildFile; fileRef = 6322F339171DA6B9003BEA22 /* UIKit.framework */; };
		6322F33C171DA6B9003BEA22 /* Foundation.framework in Frameworks */ = {isa = PBXBuildFile; fileRef = 6322F33B171DA6B9003BEA22 /* Foundation.framework */; };
		6322F33E171DA6B9003BEA22 /* CoreGraphics.framework in Frameworks */ = {isa = PBXBuildFile; fileRef = 6322F33D171DA6B9003BEA22 /* CoreGraphics.framework */; };
		6322F340171DA6B9003BEA22 /* GStreamer.framework in Frameworks */ = {isa = PBXBuildFile; fileRef = 6322F33F171DA6B9003BEA22 /* GStreamer.framework */; };
		6322F346171DA6BA003BEA22 /* InfoPlist.strings in Resources */ = {isa = PBXBuildFile; fileRef = 6322F344171DA6BA003BEA22 /* InfoPlist.strings */; };
		6322F348171DA6BB003BEA22 /* main.m in Sources */ = {isa = PBXBuildFile; fileRef = 6322F347171DA6BB003BEA22 /* main.m */; };
		6322F34E171DA6BB003BEA22 /* Default.png in Resources */ = {isa = PBXBuildFile; fileRef = 6322F34D171DA6BB003BEA22 /* Default.png */; };
		6322F350171DA6BB003BEA22 /* Default@2x.png in Resources */ = {isa = PBXBuildFile; fileRef = 6322F34F171DA6BB003BEA22 /* Default@2x.png */; };
		6322F352171DA6BB003BEA22 /* Default-568h@2x.png in Resources */ = {isa = PBXBuildFile; fileRef = 6322F351171DA6BB003BEA22 /* Default-568h@2x.png */; };
		6322F35D171DA6BC003BEA22 /* gst_ios_backend.c in Sources */ = {isa = PBXBuildFile; fileRef = 6322F35C171DA6BC003BEA22 /* gst_ios_backend.c */; };
		6322F360171DA6BC003BEA22 /* gst_ios_plugins.c in Sources */ = {isa = PBXBuildFile; fileRef = 6322F35F171DA6BC003BEA22 /* gst_ios_plugins.c */; };
		6322F378171DA7AA003BEA22 /* EaglUIVIew.m in Sources */ = {isa = PBXBuildFile; fileRef = 6322F371171DA7AA003BEA22 /* EaglUIVIew.m */; };
		6322F379171DA7AA003BEA22 /* AppDelegate.m in Sources */ = {isa = PBXBuildFile; fileRef = 6322F373171DA7AA003BEA22 /* AppDelegate.m */; };
		6322F37A171DA7AA003BEA22 /* MainStoryboard_iPhone.storyboard in Resources */ = {isa = PBXBuildFile; fileRef = 6322F374171DA7AA003BEA22 /* MainStoryboard_iPhone.storyboard */; };
		6322F37B171DA7AA003BEA22 /* MainStoryboard_iPad.storyboard in Resources */ = {isa = PBXBuildFile; fileRef = 6322F375171DA7AA003BEA22 /* MainStoryboard_iPad.storyboard */; };
		6322F37C171DA7AA003BEA22 /* ViewController.m in Sources */ = {isa = PBXBuildFile; fileRef = 6322F377171DA7AA003BEA22 /* ViewController.m */; };
		6322F381171DA7B4003BEA22 /* MovieEntryCell.m in Sources */ = {isa = PBXBuildFile; fileRef = 6322F37E171DA7B4003BEA22 /* MovieEntryCell.m */; };
		6322F382171DA7B4003BEA22 /* PlaybackViewController.m in Sources */ = {isa = PBXBuildFile; fileRef = 6322F380171DA7B4003BEA22 /* PlaybackViewController.m */; };
/* End PBXBuildFile section */

/* Begin PBXFileReference section */
		6322F336171DA6B9003BEA22 /* GstPlayer.app */ = {isa = PBXFileReference; explicitFileType = wrapper.application; includeInIndex = 0; path = GstPlayer.app; sourceTree = BUILT_PRODUCTS_DIR; };
		6322F339171DA6B9003BEA22 /* UIKit.framework */ = {isa = PBXFileReference; lastKnownFileType = wrapper.framework; name = UIKit.framework; path = System/Library/Frameworks/UIKit.framework; sourceTree = SDKROOT; };
		6322F33B171DA6B9003BEA22 /* Foundation.framework */ = {isa = PBXFileReference; lastKnownFileType = wrapper.framework; name = Foundation.framework; path = System/Library/Frameworks/Foundation.framework; sourceTree = SDKROOT; };
		6322F33D171DA6B9003BEA22 /* CoreGraphics.framework */ = {isa = PBXFileReference; lastKnownFileType = wrapper.framework; name = CoreGraphics.framework; path = System/Library/Frameworks/CoreGraphics.framework; sourceTree = SDKROOT; };
		6322F33F171DA6B9003BEA22 /* GStreamer.framework */ = {isa = PBXFileReference; lastKnownFileType = wrapper.framework; name = GStreamer.framework; path = Library/Frameworks/GStreamer.framework; sourceTree = DEVELOPER_DIR; };
		6322F343171DA6BA003BEA22 /* GstPlayer-Info.plist */ = {isa = PBXFileReference; lastKnownFileType = text.plist.xml; path = "GstPlayer-Info.plist"; sourceTree = "<group>"; };
		6322F345171DA6BA003BEA22 /* en */ = {isa = PBXFileReference; lastKnownFileType = text.plist.strings; name = en; path = en.lproj/InfoPlist.strings; sourceTree = "<group>"; };
		6322F347171DA6BB003BEA22 /* main.m */ = {isa = PBXFileReference; lastKnownFileType = sourcecode.c.objc; path = main.m; sourceTree = "<group>"; };
		6322F349171DA6BB003BEA22 /* GstPlayer-Prefix.pch */ = {isa = PBXFileReference; lastKnownFileType = sourcecode.c.h; path = "GstPlayer-Prefix.pch"; sourceTree = "<group>"; };
		6322F34D171DA6BB003BEA22 /* Default.png */ = {isa = PBXFileReference; lastKnownFileType = image.png; path = Default.png; sourceTree = "<group>"; };
		6322F34F171DA6BB003BEA22 /* Default@2x.png */ = {isa = PBXFileReference; lastKnownFileType = image.png; path = "Default@2x.png"; sourceTree = "<group>"; };
		6322F351171DA6BB003BEA22 /* Default-568h@2x.png */ = {isa = PBXFileReference; lastKnownFileType = image.png; path = "Default-568h@2x.png"; sourceTree = "<group>"; };
		6322F35C171DA6BC003BEA22 /* gst_ios_backend.c */ = {isa = PBXFileReference; lastKnownFileType = sourcecode.c.c; path = gst_ios_backend.c; sourceTree = "<group>"; };
		6322F35E171DA6BC003BEA22 /* gst_ios_backend.h */ = {isa = PBXFileReference; lastKnownFileType = sourcecode.c.h; path = gst_ios_backend.h; sourceTree = "<group>"; };
		6322F35F171DA6BC003BEA22 /* gst_ios_plugins.c */ = {isa = PBXFileReference; lastKnownFileType = sourcecode.c.c; path = gst_ios_plugins.c; sourceTree = "<group>"; };
		6322F361171DA6BC003BEA22 /* gst_ios_plugins.h */ = {isa = PBXFileReference; lastKnownFileType = sourcecode.c.h; path = gst_ios_plugins.h; sourceTree = "<group>"; };
		6322F370171DA7AA003BEA22 /* EaglUIVIew.h */ = {isa = PBXFileReference; fileEncoding = 4; lastKnownFileType = sourcecode.c.h; path = EaglUIVIew.h; sourceTree = "<group>"; };
		6322F371171DA7AA003BEA22 /* EaglUIVIew.m */ = {isa = PBXFileReference; fileEncoding = 4; lastKnownFileType = sourcecode.c.objc; path = EaglUIVIew.m; sourceTree = "<group>"; };
		6322F372171DA7AA003BEA22 /* AppDelegate.h */ = {isa = PBXFileReference; fileEncoding = 4; lastKnownFileType = sourcecode.c.h; path = AppDelegate.h; sourceTree = "<group>"; };
		6322F373171DA7AA003BEA22 /* AppDelegate.m */ = {isa = PBXFileReference; fileEncoding = 4; lastKnownFileType = sourcecode.c.objc; path = AppDelegate.m; sourceTree = "<group>"; };
		6322F374171DA7AA003BEA22 /* MainStoryboard_iPhone.storyboard */ = {isa = PBXFileReference; fileEncoding = 4; lastKnownFileType = file.storyboard; path = MainStoryboard_iPhone.storyboard; sourceTree = "<group>"; };
		6322F375171DA7AA003BEA22 /* MainStoryboard_iPad.storyboard */ = {isa = PBXFileReference; fileEncoding = 4; lastKnownFileType = file.storyboard; path = MainStoryboard_iPad.storyboard; sourceTree = "<group>"; };
		6322F376171DA7AA003BEA22 /* ViewController.h */ = {isa = PBXFileReference; fileEncoding = 4; lastKnownFileType = sourcecode.c.h; path = ViewController.h; sourceTree = "<group>"; };
		6322F377171DA7AA003BEA22 /* ViewController.m */ = {isa = PBXFileReference; fileEncoding = 4; lastKnownFileType = sourcecode.c.objc; path = ViewController.m; sourceTree = "<group>"; };
		6322F37D171DA7B4003BEA22 /* MovieEntryCell.h */ = {isa = PBXFileReference; fileEncoding = 4; lastKnownFileType = sourcecode.c.h; path = MovieEntryCell.h; sourceTree = "<group>"; };
		6322F37E171DA7B4003BEA22 /* MovieEntryCell.m */ = {isa = PBXFileReference; fileEncoding = 4; lastKnownFileType = sourcecode.c.objc; path = MovieEntryCell.m; sourceTree = "<group>"; };
		6322F37F171DA7B4003BEA22 /* PlaybackViewController.h */ = {isa = PBXFileReference; fileEncoding = 4; lastKnownFileType = sourcecode.c.h; path = PlaybackViewController.h; sourceTree = "<group>"; };
		6322F380171DA7B4003BEA22 /* PlaybackViewController.m */ = {isa = PBXFileReference; fileEncoding = 4; lastKnownFileType = sourcecode.c.objc; path = PlaybackViewController.m; sourceTree = "<group>"; };
/* End PBXFileReference section */

/* Begin PBXFrameworksBuildPhase section */
		6322F333171DA6B8003BEA22 /* Frameworks */ = {
			isa = PBXFrameworksBuildPhase;
			buildActionMask = 2147483647;
			files = (
				6322F33A171DA6B9003BEA22 /* UIKit.framework in Frameworks */,
				6322F33C171DA6B9003BEA22 /* Foundation.framework in Frameworks */,
				6322F33E171DA6B9003BEA22 /* CoreGraphics.framework in Frameworks */,
				6322F340171DA6B9003BEA22 /* GStreamer.framework in Frameworks */,
			);
			runOnlyForDeploymentPostprocessing = 0;
		};
/* End PBXFrameworksBuildPhase section */

/* Begin PBXGroup section */
		6322F32D171DA6B5003BEA22 = {
			isa = PBXGroup;
			children = (
				6322F341171DA6B9003BEA22 /* GstPlayer */,
				6322F338171DA6B9003BEA22 /* Frameworks */,
				6322F337171DA6B9003BEA22 /* Products */,
			);
			sourceTree = "<group>";
		};
		6322F337171DA6B9003BEA22 /* Products */ = {
			isa = PBXGroup;
			children = (
				6322F336171DA6B9003BEA22 /* GstPlayer.app */,
			);
			name = Products;
			sourceTree = "<group>";
		};
		6322F338171DA6B9003BEA22 /* Frameworks */ = {
			isa = PBXGroup;
			children = (
				6322F339171DA6B9003BEA22 /* UIKit.framework */,
				6322F33B171DA6B9003BEA22 /* Foundation.framework */,
				6322F33D171DA6B9003BEA22 /* CoreGraphics.framework */,
				6322F33F171DA6B9003BEA22 /* GStreamer.framework */,
			);
			name = Frameworks;
			sourceTree = "<group>";
		};
		6322F341171DA6B9003BEA22 /* GstPlayer */ = {
			isa = PBXGroup;
			children = (
				6322F370171DA7AA003BEA22 /* EaglUIVIew.h */,
				6322F371171DA7AA003BEA22 /* EaglUIVIew.m */,
				6322F372171DA7AA003BEA22 /* AppDelegate.h */,
				6322F373171DA7AA003BEA22 /* AppDelegate.m */,
				6322F374171DA7AA003BEA22 /* MainStoryboard_iPhone.storyboard */,
				6322F375171DA7AA003BEA22 /* MainStoryboard_iPad.storyboard */,
				6322F376171DA7AA003BEA22 /* ViewController.h */,
				6322F377171DA7AA003BEA22 /* ViewController.m */,
				6322F37D171DA7B4003BEA22 /* MovieEntryCell.h */,
				6322F37E171DA7B4003BEA22 /* MovieEntryCell.m */,
				6322F37F171DA7B4003BEA22 /* PlaybackViewController.h */,
				6322F380171DA7B4003BEA22 /* PlaybackViewController.m */,
				6322F342171DA6BA003BEA22 /* Supporting Files */,
			);
			path = GstPlayer;
			sourceTree = "<group>";
		};
		6322F342171DA6BA003BEA22 /* Supporting Files */ = {
			isa = PBXGroup;
			children = (
				6322F343171DA6BA003BEA22 /* GstPlayer-Info.plist */,
				6322F344171DA6BA003BEA22 /* InfoPlist.strings */,
				6322F347171DA6BB003BEA22 /* main.m */,
				6322F349171DA6BB003BEA22 /* GstPlayer-Prefix.pch */,
				6322F34D171DA6BB003BEA22 /* Default.png */,
				6322F34F171DA6BB003BEA22 /* Default@2x.png */,
				6322F351171DA6BB003BEA22 /* Default-568h@2x.png */,
				6322F35C171DA6BC003BEA22 /* gst_ios_backend.c */,
				6322F35E171DA6BC003BEA22 /* gst_ios_backend.h */,
				6322F35F171DA6BC003BEA22 /* gst_ios_plugins.c */,
				6322F361171DA6BC003BEA22 /* gst_ios_plugins.h */,
			);
			name = "Supporting Files";
			sourceTree = "<group>";
		};
/* End PBXGroup section */

/* Begin PBXNativeTarget section */
		6322F335171DA6B8003BEA22 /* GstPlayer */ = {
			isa = PBXNativeTarget;
			buildConfigurationList = 6322F364171DA6BC003BEA22 /* Build configuration list for PBXNativeTarget "GstPlayer" */;
			buildPhases = (
				6322F332171DA6B8003BEA22 /* Sources */,
				6322F333171DA6B8003BEA22 /* Frameworks */,
				6322F334171DA6B8003BEA22 /* Resources */,
			);
			buildRules = (
			);
			dependencies = (
			);
			name = GstPlayer;
			productName = GstPlayer;
			productReference = 6322F336171DA6B9003BEA22 /* GstPlayer.app */;
			productType = "com.apple.product-type.application";
		};
/* End PBXNativeTarget section */

/* Begin PBXProject section */
		6322F32E171DA6B6003BEA22 /* Project object */ = {
			isa = PBXProject;
			attributes = {
				LastUpgradeCheck = 0460;
				ORGANIZATIONNAME = "GStreamer SDK";
			};
			buildConfigurationList = 6322F331171DA6B8003BEA22 /* Build configuration list for PBXProject "GstPlayer" */;
			compatibilityVersion = "Xcode 3.2";
			developmentRegion = English;
			hasScannedForEncodings = 0;
			knownRegions = (
				en,
			);
			mainGroup = 6322F32D171DA6B5003BEA22;
			productRefGroup = 6322F337171DA6B9003BEA22 /* Products */;
			projectDirPath = "";
			projectRoot = "";
			targets = (
				6322F335171DA6B8003BEA22 /* GstPlayer */,
			);
		};
/* End PBXProject section */

/* Begin PBXResourcesBuildPhase section */
		6322F334171DA6B8003BEA22 /* Resources */ = {
			isa = PBXResourcesBuildPhase;
			buildActionMask = 2147483647;
			files = (
				6322F346171DA6BA003BEA22 /* InfoPlist.strings in Resources */,
				6322F34E171DA6BB003BEA22 /* Default.png in Resources */,
				6322F350171DA6BB003BEA22 /* Default@2x.png in Resources */,
				6322F352171DA6BB003BEA22 /* Default-568h@2x.png in Resources */,
				6322F37A171DA7AA003BEA22 /* MainStoryboard_iPhone.storyboard in Resources */,
				6322F37B171DA7AA003BEA22 /* MainStoryboard_iPad.storyboard in Resources */,
			);
			runOnlyForDeploymentPostprocessing = 0;
		};
/* End PBXResourcesBuildPhase section */

/* Begin PBXSourcesBuildPhase section */
		6322F332171DA6B8003BEA22 /* Sources */ = {
			isa = PBXSourcesBuildPhase;
			buildActionMask = 2147483647;
			files = (
				6322F348171DA6BB003BEA22 /* main.m in Sources */,
				6322F35D171DA6BC003BEA22 /* gst_ios_backend.c in Sources */,
				6322F360171DA6BC003BEA22 /* gst_ios_plugins.c in Sources */,
				6322F378171DA7AA003BEA22 /* EaglUIVIew.m in Sources */,
				6322F379171DA7AA003BEA22 /* AppDelegate.m in Sources */,
				6322F37C171DA7AA003BEA22 /* ViewController.m in Sources */,
				6322F381171DA7B4003BEA22 /* MovieEntryCell.m in Sources */,
				6322F382171DA7B4003BEA22 /* PlaybackViewController.m in Sources */,
			);
			runOnlyForDeploymentPostprocessing = 0;
		};
/* End PBXSourcesBuildPhase section */

/* Begin PBXVariantGroup section */
		6322F344171DA6BA003BEA22 /* InfoPlist.strings */ = {
			isa = PBXVariantGroup;
			children = (
				6322F345171DA6BA003BEA22 /* en */,
			);
			name = InfoPlist.strings;
			sourceTree = "<group>";
		};
/* End PBXVariantGroup section */

/* Begin XCBuildConfiguration section */
		6322F362171DA6BC003BEA22 /* Debug */ = {
			isa = XCBuildConfiguration;
			buildSettings = {
				ALWAYS_SEARCH_USER_PATHS = NO;
				CLANG_CXX_LANGUAGE_STANDARD = "gnu++0x";
				CLANG_CXX_LIBRARY = "libc++";
				CLANG_WARN_CONSTANT_CONVERSION = YES;
				CLANG_WARN_EMPTY_BODY = YES;
				CLANG_WARN_ENUM_CONVERSION = YES;
				CLANG_WARN_INT_CONVERSION = YES;
				CLANG_WARN__DUPLICATE_METHOD_MATCH = YES;
				"CODE_SIGN_IDENTITY[sdk=iphoneos*]" = "iPhone Developer";
				COPY_PHASE_STRIP = NO;
				GCC_C_LANGUAGE_STANDARD = gnu99;
				GCC_DYNAMIC_NO_PIC = NO;
				GCC_OPTIMIZATION_LEVEL = 0;
				GCC_PREPROCESSOR_DEFINITIONS = (
					"DEBUG=1",
					"$(inherited)",
				);
				GCC_SYMBOLS_PRIVATE_EXTERN = NO;
				GCC_VERSION = com.apple.compilers.llvmgcc42;
				GCC_WARN_ABOUT_RETURN_TYPE = YES;
				GCC_WARN_UNINITIALIZED_AUTOS = YES;
				GCC_WARN_UNUSED_VARIABLE = YES;
				IPHONEOS_DEPLOYMENT_TARGET = 5.2;
				ONLY_ACTIVE_ARCH = YES;
				SDKROOT = iphoneos;
				TARGETED_DEVICE_FAMILY = "1,2";
			};
			name = Debug;
		};
		6322F363171DA6BC003BEA22 /* Release */ = {
			isa = XCBuildConfiguration;
			buildSettings = {
				ALWAYS_SEARCH_USER_PATHS = NO;
				CLANG_CXX_LANGUAGE_STANDARD = "gnu++0x";
				CLANG_CXX_LIBRARY = "libc++";
				CLANG_WARN_CONSTANT_CONVERSION = YES;
				CLANG_WARN_EMPTY_BODY = YES;
				CLANG_WARN_ENUM_CONVERSION = YES;
				CLANG_WARN_INT_CONVERSION = YES;
				CLANG_WARN__DUPLICATE_METHOD_MATCH = YES;
				"CODE_SIGN_IDENTITY[sdk=iphoneos*]" = "iPhone Developer";
				COPY_PHASE_STRIP = YES;
				GCC_C_LANGUAGE_STANDARD = gnu99;
				GCC_VERSION = com.apple.compilers.llvmgcc42;
				GCC_WARN_ABOUT_RETURN_TYPE = YES;
				GCC_WARN_UNINITIALIZED_AUTOS = YES;
				GCC_WARN_UNUSED_VARIABLE = YES;
				IPHONEOS_DEPLOYMENT_TARGET = 5.1;
				OTHER_CFLAGS = "-DNS_BLOCK_ASSERTIONS=1";
				SDKROOT = iphoneos;
				TARGETED_DEVICE_FAMILY = "1,2";
				VALIDATE_PRODUCT = YES;
			};
			name = Release;
		};
		6322F365171DA6BC003BEA22 /* Debug */ = {
			isa = XCBuildConfiguration;
			buildSettings = {
				FRAMEWORK_SEARCH_PATHS = (
					"\"~/Library/Developer/GStreamer/iPhone.sdk\"",
					"\"$(SYSTEM_APPS_DIR)/Xcode.app/Contents/Developer/Library/Frameworks\"",
				);
				GCC_PRECOMPILE_PREFIX_HEADER = YES;
				GCC_PREFIX_HEADER = "GstPlayer/GstPlayer-Prefix.pch";
				HEADER_SEARCH_PATHS = "\"~/Library/Developer/GStreamer/iPhone.sdk/GStreamer.framework/Headers\"";
				INFOPLIST_FILE = "GstPlayer/GstPlayer-Info.plist";
				OTHER_LDFLAGS = (
					"-lresolv",
					"-lstdc++",
					"-framework",
					CoreFoundation,
					"-framework",
					Foundation,
					"-framework",
					AVFoundation,
					"-framework",
					CoreMedia,
					"-framework",
					CoreVideo,
					"-framework",
					CoreAudio,
					"-framework",
					AudioToolbox,
					"-framework",
					OpenGLES,
					"-framework",
					QuartzCore,
				);
				PRODUCT_NAME = "$(TARGET_NAME)";
				WRAPPER_EXTENSION = app;
			};
			name = Debug;
		};
		6322F366171DA6BC003BEA22 /* Release */ = {
			isa = XCBuildConfiguration;
			buildSettings = {
				FRAMEWORK_SEARCH_PATHS = (
					"\"~/Library/Developer/GStreamer/iPhone.sdk\"",
					"\"$(SYSTEM_APPS_DIR)/Xcode.app/Contents/Developer/Library/Frameworks\"",
				);
				GCC_PRECOMPILE_PREFIX_HEADER = YES;
				GCC_PREFIX_HEADER = "GstPlayer/GstPlayer-Prefix.pch";
				HEADER_SEARCH_PATHS = "\"~/Library/Developer/GStreamer/iPhone.sdk/GStreamer.framework/Headers\"";
				INFOPLIST_FILE = "GstPlayer/GstPlayer-Info.plist";
				OTHER_LDFLAGS = (
					"-lresolv",
					"-lstdc++",
					"-framework",
					CoreFoundation,
					"-framework",
					Foundation,
					"-framework",
					AVFoundation,
					"-framework",
					CoreMedia,
					"-framework",
					CoreVideo,
					"-framework",
					CoreAudio,
					"-framework",
					AudioToolbox,
					"-framework",
					OpenGLES,
					"-framework",
					QuartzCore,
				);
				PRODUCT_NAME = "$(TARGET_NAME)";
				WRAPPER_EXTENSION = app;
			};
			name = Release;
		};
/* End XCBuildConfiguration section */

/* Begin XCConfigurationList section */
		6322F331171DA6B8003BEA22 /* Build configuration list for PBXProject "GstPlayer" */ = {
			isa = XCConfigurationList;
			buildConfigurations = (
				6322F362171DA6BC003BEA22 /* Debug */,
				6322F363171DA6BC003BEA22 /* Release */,
			);
			defaultConfigurationIsVisible = 0;
			defaultConfigurationName = Release;
		};
		6322F364171DA6BC003BEA22 /* Build configuration list for PBXNativeTarget "GstPlayer" */ = {
			isa = XCConfigurationList;
			buildConfigurations = (
				6322F365171DA6BC003BEA22 /* Debug */,
				6322F366171DA6BC003BEA22 /* Release */,
			);
			defaultConfigurationIsVisible = 0;
		};
/* End XCConfigurationList section */
	};
	rootObject = 6322F32E171DA6B6003BEA22 /* Project object */;
}
